{
  "version": 1,
  "dependencies": {
    "net10.0": {
      "NAudio.Wasapi": {
        "type": "Direct",
        "requested": "[2.4.0, )",
        "resolved": "2.4.0",
        "contentHash": "DKwpFzgJkUkge4sR+5t/DND1SbuHOJXQX3BBqnmd0n/zjM/CqBqbKA1wMXKIKdN2R1PtETVDu5C9ODPif37hhw==",
        "dependencies": {
          "NAudio.Core": "2.4.0"
        }
      },
      "NAudio.Core": {
        "type": "Transitive",
        "resolved": "2.4.0",
        "contentHash": "VDXi1Wp1CUFgMxYyyajaG8sM9c9v5Mf2AdJkYUnksqwENSqVlrXsPe9l/mG55pNIv9eMYXGHiIxVuhS7+a3BQg=="
      }
    },
    "net10.0/linux-arm64": {},
    "net10.0/linux-x64": {},
    "net10.0/osx-arm64": {},
    "net10.0/osx-x64": {},
    "net10.0/win-arm64": {},
    "net10.0/win-x64": {}
  }
}