{
  "version": 1,
  "dependencies": {
    "net10.0": {
      "NAudio.Wasapi": {
        "type": "Direct",
        "requested": "[3.0.1, )",
        "resolved": "3.0.1",
        "contentHash": "1j8+HaeAJXFaDaIeVpnaahwAa3ZvMog2bswgmY1JSDysAbeehRx+PIeC0AbNyXZr5gvhu9PfOPD7xwuAEKJcbw==",
        "dependencies": {
          "NAudio.Core": "3.0.1"
        }
      },
      "NAudio.Core": {
        "type": "Transitive",
        "resolved": "3.0.1",
        "contentHash": "3fJ6UnkoiNBeeczKd9OozvcE85FvtyYCykmfzEbFW0uB0uT2+keKdconUGkz9qYlhaq1RJDTFptXOooQBYLijA==",
        "dependencies": {
          "System.Numerics.Tensors": "9.0.0"
        }
      },
      "System.Numerics.Tensors": {
        "type": "Transitive",
        "resolved": "9.0.0",
        "contentHash": "hyJB4UlpAi19Xr9AXzu2NuagKC4lPfHObNMEAA0HmqFz2rX7wKgzeYzO/jM/eBHDhnUGFFEjk5cOoJaxqg5J4A=="
      }
    },
    "net10.0/linux-arm64": {},
    "net10.0/linux-x64": {},
    "net10.0/osx-arm64": {},
    "net10.0/osx-x64": {},
    "net10.0/win-arm64": {},
    "net10.0/win-x64": {}
  }
}